
Microsoft Visual Studio Solution File, Format Version 12.00
# Visual Studio 14
VisualStudioVersion = 14.0.25123.0
MinimumVisualStudioVersion = 10.0.40219.1
Project("{00D1A9C2-B5F0-4AF3-8072-F6C62B433612}") = "BDGIT", "BDGIT\BDGIT.sqlproj", "{C4313238-6623-4D61-9671-1A088B19DD33}"
EndProject
Project("{FAE04EC0-301F-11D3-BF4B-00C04F79EFBC}") = "WebApplication1", "WebApplication1\WebApplication1.csproj", "{C9DC4415-9822-4190-A812-F57AD82D1451}"
EndProject
Project("{FAE04EC0-301F-11D3-BF4B-00C04F79EFBC}") = "WebApplication2", "WebApplication2\WebApplication2.csproj", "{BD3BB7EC-83BB-42E6-A75E-33D7A5CCC02D}"
EndProject
Project("{FAE04EC0-301F-11D3-BF4B-00C04F79EFBC}") = "NobelApp", "NobelApp\NobelApp.csproj", "{8AD90571-B087-418E-8C66-1D7B5A590A18}"
	ProjectSection(ProjectDependencies) = postProject
		{BD3BB7EC-83BB-42E6-A75E-33D7A5CCC02D} = {BD3BB7EC-83BB-42E6-A75E-33D7A5CCC02D}
	EndProjectSection
EndProject
Global
	GlobalSection(SolutionConfigurationPlatforms) = preSolution
		Debug|Any CPU = Debug|Any CPU
		Release|Any CPU = Release|Any CPU
	EndGlobalSection
	GlobalSection(ProjectConfigurationPlatforms) = postSolution
		{C4313238-6623-4D61-9671-1A088B19DD33}.Debug|Any CPU.ActiveCfg = Debug|Any CPU
		{C4313238-6623-4D61-9671-1A088B19DD33}.Debug|Any CPU.Build.0 = Debug|Any CPU
		{C4313238-6623-4D61-9671-1A088B19DD33}.Debug|Any CPU.Deploy.0 = Debug|Any CPU
		{C4313238-6623-4D61-9671-1A088B19DD33}.Release|Any CPU.ActiveCfg = Release|Any CPU
		{C4313238-6623-4D61-9671-1A088B19DD33}.Release|Any CPU.Build.0 = Release|Any CPU
		{C4313238-6623-4D61-9671-1A088B19DD33}.Release|Any CPU.Deploy.0 = Release|Any CPU
		{C9DC4415-9822-4190-A812-F57AD82D1451}.Debug|Any CPU.ActiveCfg = Debug|Any CPU
		{C9DC4415-9822-4190-A812-F57AD82D1451}.Debug|Any CPU.Build.0 = Debug|Any CPU
		{C9DC4415-9822-4190-A812-F57AD82D1451}.Release|Any CPU.ActiveCfg = Release|Any CPU
		{C9DC4415-9822-4190-A812-F57AD82D1451}.Release|Any CPU.Build.0 = Release|Any CPU
		{BD3BB7EC-83BB-42E6-A75E-33D7A5CCC02D}.Debug|Any CPU.ActiveCfg = Debug|Any CPU
		{BD3BB7EC-83BB-42E6-A75E-33D7A5CCC02D}.Debug|Any CPU.Build.0 = Debug|Any CPU
		{BD3BB7EC-83BB-42E6-A75E-33D7A5CCC02D}.Release|Any CPU.ActiveCfg = Release|Any CPU
		{BD3BB7EC-83BB-42E6-A75E-33D7A5CCC02D}.Release|Any CPU.Build.0 = Release|Any CPU
		{8AD90571-B087-418E-8C66-1D7B5A590A18}.Debug|Any CPU.ActiveCfg = Debug|Any CPU
		{8AD90571-B087-418E-8C66-1D7B5A590A18}.Debug|Any CPU.Build.0 = Debug|Any CPU
		{8AD90571-B087-418E-8C66-1D7B5A590A18}.Release|Any CPU.ActiveCfg = Release|Any CPU
		{8AD90571-B087-418E-8C66-1D7B5A590A18}.Release|Any CPU.Build.0 = Release|Any CPU
	EndGlobalSection
	GlobalSection(SolutionProperties) = preSolution
		HideSolutionNode = FALSE
	EndGlobalSection
EndGlobal
